// !$*UTF8*$!
{
	archiveVersion = 1;
	classes = {
	};
	objectVersion = 46;
	objects = {

/* Begin PBXBuildFile section */
		3910189E23ED8944001623D0 /* Play.swift in Sources */ = {isa = PBXBuildFile; fileRef = 3910189D23ED8944001623D0 /* Play.swift */; };
		391018A023ED8967001623D0 /* Player.swift in Sources */ = {isa = PBXBuildFile; fileRef = 3910189F23ED8967001623D0 /* Player.swift */; };
		391018A223ED899E001623D0 /* Role.swift in Sources */ = {isa = PBXBuildFile; fileRef = 391018A123ED899E001623D0 /* Role.swift */; };
		391018A423ED89CA001623D0 /* PlayerPlaysOrderer.swift in Sources */ = {isa = PBXBuildFile; fileRef = 391018A323ED89CA001623D0 /* PlayerPlaysOrderer.swift */; };
		391018A723ED8AFE001623D0 /* Card+Value.swift in Sources */ = {isa = PBXBuildFile; fileRef = 391018A623ED8AFE001623D0 /* Card+Value.swift */; };
		391018AA23ED8B2E001623D0 /* TrickIterator.swift in Sources */ = {isa = PBXBuildFile; fileRef = 391018A923ED8B2E001623D0 /* TrickIterator.swift */; };
		391018AC23ED8B89001623D0 /* PlayOrderer.swift in Sources */ = {isa = PBXBuildFile; fileRef = 391018AB23ED8B89001623D0 /* PlayOrderer.swift */; };
		391018AF23ED8BD9001623D0 /* PlayersSorter.swift in Sources */ = {isa = PBXBuildFile; fileRef = 391018AE23ED8BD9001623D0 /* PlayersSorter.swift */; };
		391018B123ED8C12001623D0 /* Dealer.swift in Sources */ = {isa = PBXBuildFile; fileRef = 391018B023ED8C12001623D0 /* Dealer.swift */; };
		391018B323ED8C4E001623D0 /* RoundIterator.swift in Sources */ = {isa = PBXBuildFile; fileRef = 391018B223ED8C4E001623D0 /* RoundIterator.swift */; };
		391018B523ED8CC8001623D0 /* PlayersKeeper.swift in Sources */ = {isa = PBXBuildFile; fileRef = 391018B423ED8CC8001623D0 /* PlayersKeeper.swift */; };
		391018B723ED8D35001623D0 /* OnePlayPerPlayerTrickIterator.swift in Sources */ = {isa = PBXBuildFile; fileRef = 391018B623ED8D35001623D0 /* OnePlayPerPlayerTrickIterator.swift */; };
		9F9A1AB420364D83000A539F /* PlayersKeeperTests.swift in Sources */ = {isa = PBXBuildFile; fileRef = 9F9A1AB320364D83000A539F /* PlayersKeeperTests.swift */; };
		9F9A1AB7203652B5000A539F /* Card+StringLiteral.swift in Sources */ = {isa = PBXBuildFile; fileRef = 9F9A1AB6203652B5000A539F /* Card+StringLiteral.swift */; };
		9F9A1AB9203652FF000A539F /* PlayerRole+StringLiteral.swift in Sources */ = {isa = PBXBuildFile; fileRef = 9F9A1AB8203652FF000A539F /* PlayerRole+StringLiteral.swift */; };
		9F9A1ABB20365360000A539F /* PlayersFactory.swift in Sources */ = {isa = PBXBuildFile; fileRef = 9F9A1ABA20365360000A539F /* PlayersFactory.swift */; };
		A43A7E961F48C1E1001187D8 /* PresidentEngine.framework in Frameworks */ = {isa = PBXBuildFile; fileRef = A43A7E8C1F48C1E1001187D8 /* PresidentEngine.framework */; };
		A43A7EA71F48C212001187D8 /* TrickIteratorTests.swift in Sources */ = {isa = PBXBuildFile; fileRef = A43A7EA61F48C212001187D8 /* TrickIteratorTests.swift */; };
		A44825C81F93859D0049DC40 /* RoundIteratorTests.swift in Sources */ = {isa = PBXBuildFile; fileRef = A44825C71F93859D0049DC40 /* RoundIteratorTests.swift */; };
		A4558C451F957B47004331EB /* Card.swift in Sources */ = {isa = PBXBuildFile; fileRef = A4558C441F957B47004331EB /* Card.swift */; };
		A4558C471F957BA6004331EB /* CardsPacket.swift in Sources */ = {isa = PBXBuildFile; fileRef = A4558C461F957BA6004331EB /* CardsPacket.swift */; };
		A4558C491F957BD4004331EB /* Deck.swift in Sources */ = {isa = PBXBuildFile; fileRef = A4558C481F957BD4004331EB /* Deck.swift */; };
		A4558C4B1F959500004331EB /* OneTrickIteratorTests.swift in Sources */ = {isa = PBXBuildFile; fileRef = A4558C4A1F959500004331EB /* OneTrickIteratorTests.swift */; };
		A4D35A731F4D1B420099148B /* PlayersSorterTests.swift in Sources */ = {isa = PBXBuildFile; fileRef = A4D35A721F4D1B420099148B /* PlayersSorterTests.swift */; };
		A4D35A761F4D35870099148B /* XCTestCaseExtension.swift in Sources */ = {isa = PBXBuildFile; fileRef = A4D35A751F4D35870099148B /* XCTestCaseExtension.swift */; };
/* End PBXBuildFile section */

/* Begin PBXContainerItemProxy section */
		A43A7E971F48C1E1001187D8 /* PBXContainerItemProxy */ = {
			isa = PBXContainerItemProxy;
			containerPortal = A43A7E831F48C1E1001187D8 /* Project object */;
			proxyType = 1;
			remoteGlobalIDString = A43A7E8B1F48C1E1001187D8;
			remoteInfo = PresidentEngine;
		};
/* End PBXContainerItemProxy section */

/* Begin PBXFileReference section */
		3910189D23ED8944001623D0 /* Play.swift */ = {isa = PBXFileReference; lastKnownFileType = sourcecode.swift; path = Play.swift; sourceTree = "<group>"; };
		3910189F23ED8967001623D0 /* Player.swift */ = {isa = PBXFileReference; lastKnownFileType = sourcecode.swift; path = Player.swift; sourceTree = "<group>"; };
		391018A123ED899E001623D0 /* Role.swift */ = {isa = PBXFileReference; lastKnownFileType = sourcecode.swift; path = Role.swift; sourceTree = "<group>"; };
		391018A323ED89CA001623D0 /* PlayerPlaysOrderer.swift */ = {isa = PBXFileReference; lastKnownFileType = sourcecode.swift; path = PlayerPlaysOrderer.swift; sourceTree = "<group>"; };
		391018A623ED8AFE001623D0 /* Card+Value.swift */ = {isa = PBXFileReference; lastKnownFileType = sourcecode.swift; path = "Card+Value.swift"; sourceTree = "<group>"; };
		391018A923ED8B2E001623D0 /* TrickIterator.swift */ = {isa = PBXFileReference; lastKnownFileType = sourcecode.swift; path = TrickIterator.swift; sourceTree = "<group>"; };
		391018AB23ED8B89001623D0 /* PlayOrderer.swift */ = {isa = PBXFileReference; lastKnownFileType = sourcecode.swift; path = PlayOrderer.swift; sourceTree = "<group>"; };
		391018AE23ED8BD9001623D0 /* PlayersSorter.swift */ = {isa = PBXFileReference; lastKnownFileType = sourcecode.swift; path = PlayersSorter.swift; sourceTree = "<group>"; };
		391018B023ED8C12001623D0 /* Dealer.swift */ = {isa = PBXFileReference; lastKnownFileType = sourcecode.swift; path = Dealer.swift; sourceTree = "<group>"; };
		391018B223ED8C4E001623D0 /* RoundIterator.swift */ = {isa = PBXFileReference; lastKnownFileType = sourcecode.swift; path = RoundIterator.swift; sourceTree = "<group>"; };
		391018B423ED8CC8001623D0 /* PlayersKeeper.swift */ = {isa = PBXFileReference; lastKnownFileType = sourcecode.swift; path = PlayersKeeper.swift; sourceTree = "<group>"; };
		391018B623ED8D35001623D0 /* OnePlayPerPlayerTrickIterator.swift */ = {isa = PBXFileReference; lastKnownFileType = sourcecode.swift; path = OnePlayPerPlayerTrickIterator.swift; sourceTree = "<group>"; };
		9F9A1AB320364D83000A539F /* PlayersKeeperTests.swift */ = {isa = PBXFileReference; lastKnownFileType = sourcecode.swift; path = PlayersKeeperTests.swift; sourceTree = "<group>"; };
		9F9A1AB6203652B5000A539F /* Card+StringLiteral.swift */ = {isa = PBXFileReference; lastKnownFileType = sourcecode.swift; path = "Card+StringLiteral.swift"; sourceTree = "<group>"; };
		9F9A1AB8203652FF000A539F /* PlayerRole+StringLiteral.swift */ = {isa = PBXFileReference; lastKnownFileType = sourcecode.swift; path = "PlayerRole+StringLiteral.swift"; sourceTree = "<group>"; };
		9F9A1ABA20365360000A539F /* PlayersFactory.swift */ = {isa = PBXFileReference; lastKnownFileType = sourcecode.swift; path = PlayersFactory.swift; sourceTree = "<group>"; };
		A43A7E8C1F48C1E1001187D8 /* PresidentEngine.framework */ = {isa = PBXFileReference; explicitFileType = wrapper.framework; includeInIndex = 0; path = PresidentEngine.framework; sourceTree = BUILT_PRODUCTS_DIR; };
		A43A7E901F48C1E1001187D8 /* Info.plist */ = {isa = PBXFileReference; lastKnownFileType = text.plist.xml; path = Info.plist; sourceTree = "<group>"; };
		A43A7E951F48C1E1001187D8 /* PresidentEngineTests.xctest */ = {isa = PBXFileReference; explicitFileType = wrapper.cfbundle; includeInIndex = 0; path = PresidentEngineTests.xctest; sourceTree = BUILT_PRODUCTS_DIR; };
		A43A7E9C1F48C1E1001187D8 /* Info.plist */ = {isa = PBXFileReference; lastKnownFileType = text.plist.xml; path = Info.plist; sourceTree = "<group>"; };
		A43A7EA61F48C212001187D8 /* TrickIteratorTests.swift */ = {isa = PBXFileReference; fileEncoding = 4; lastKnownFileType = sourcecode.swift; path = TrickIteratorTests.swift; sourceTree = "<group>"; };
		A44825C71F93859D0049DC40 /* RoundIteratorTests.swift */ = {isa = PBXFileReference; lastKnownFileType = sourcecode.swift; path = RoundIteratorTests.swift; sourceTree = "<group>"; };
		A4558C441F957B47004331EB /* Card.swift */ = {isa = PBXFileReference; lastKnownFileType = sourcecode.swift; path = Card.swift; sourceTree = "<group>"; };
		A4558C461F957BA6004331EB /* CardsPacket.swift */ = {isa = PBXFileReference; lastKnownFileType = sourcecode.swift; path = CardsPacket.swift; sourceTree = "<group>"; };
		A4558C481F957BD4004331EB /* Deck.swift */ = {isa = PBXFileReference; lastKnownFileType = sourcecode.swift; path = Deck.swift; sourceTree = "<group>"; };
		A4558C4A1F959500004331EB /* OneTrickIteratorTests.swift */ = {isa = PBXFileReference; lastKnownFileType = sourcecode.swift; path = OneTrickIteratorTests.swift; sourceTree = "<group>"; };
		A4D35A721F4D1B420099148B /* PlayersSorterTests.swift */ = {isa = PBXFileReference; fileEncoding = 4; lastKnownFileType = sourcecode.swift; path = PlayersSorterTests.swift; sourceTree = "<group>"; };
		A4D35A751F4D35870099148B /* XCTestCaseExtension.swift */ = {isa = PBXFileReference; fileEncoding = 4; lastKnownFileType = sourcecode.swift; path = XCTestCaseExtension.swift; sourceTree = "<group>"; };
/* End PBXFileReference section */

/* Begin PBXFrameworksBuildPhase section */
		A43A7E881F48C1E1001187D8 /* Frameworks */ = {
			isa = PBXFrameworksBuildPhase;
			buildActionMask = 2147483647;
			files = (
			);
			runOnlyForDeploymentPostprocessing = 0;
		};
		A43A7E921F48C1E1001187D8 /* Frameworks */ = {
			isa = PBXFrameworksBuildPhase;
			buildActionMask = 2147483647;
			files = (
				A43A7E961F48C1E1001187D8 /* PresidentEngine.framework in Frameworks */,
			);
			runOnlyForDeploymentPostprocessing = 0;
		};
/* End PBXFrameworksBuildPhase section */

/* Begin PBXGroup section */
		3910189C23ED8932001623D0 /* Game */ = {
			isa = PBXGroup;
			children = (
				391018AD23ED8BCC001623D0 /* Round */,
				391018A823ED8B25001623D0 /* Trick */,
				391018A523ED8A0E001623D0 /* Model */,
			);
			path = Game;
			sourceTree = "<group>";
		};
		391018A523ED8A0E001623D0 /* Model */ = {
			isa = PBXGroup;
			children = (
				3910189D23ED8944001623D0 /* Play.swift */,
				3910189F23ED8967001623D0 /* Player.swift */,
				391018A323ED89CA001623D0 /* PlayerPlaysOrderer.swift */,
				391018A123ED899E001623D0 /* Role.swift */,
			);
			path = Model;
			sourceTree = "<group>";
		};
		391018A823ED8B25001623D0 /* Trick */ = {
			isa = PBXGroup;
			children = (
				391018A623ED8AFE001623D0 /* Card+Value.swift */,
				391018A923ED8B2E001623D0 /* TrickIterator.swift */,
				391018B623ED8D35001623D0 /* OnePlayPerPlayerTrickIterator.swift */,
				391018AB23ED8B89001623D0 /* PlayOrderer.swift */,
			);
			path = Trick;
			sourceTree = "<group>";
		};
		391018AD23ED8BCC001623D0 /* Round */ = {
			isa = PBXGroup;
			children = (
				391018B223ED8C4E001623D0 /* RoundIterator.swift */,
				391018B023ED8C12001623D0 /* Dealer.swift */,
				391018AE23ED8BD9001623D0 /* PlayersSorter.swift */,
				391018B423ED8CC8001623D0 /* PlayersKeeper.swift */,
			);
			path = Round;
			sourceTree = "<group>";
		};
		9F9A1AB52036526D000A539F /* Support */ = {
			isa = PBXGroup;
			children = (
				9F9A1AB6203652B5000A539F /* Card+StringLiteral.swift */,
				9F9A1AB8203652FF000A539F /* PlayerRole+StringLiteral.swift */,
				9F9A1ABA20365360000A539F /* PlayersFactory.swift */,
			);
			name = Support;
			sourceTree = "<group>";
		};
		A43A7E821F48C1E1001187D8 = {
			isa = PBXGroup;
			children = (
				A43A7E8E1F48C1E1001187D8 /* PresidentEngine */,
				A43A7E991F48C1E1001187D8 /* PresidentEngineTests */,
				A43A7E8D1F48C1E1001187D8 /* Products */,
			);
			sourceTree = "<group>";
		};
		A43A7E8D1F48C1E1001187D8 /* Products */ = {
			isa = PBXGroup;
			children = (
				A43A7E8C1F48C1E1001187D8 /* PresidentEngine.framework */,
				A43A7E951F48C1E1001187D8 /* PresidentEngineTests.xctest */,
			);
			name = Products;
			sourceTree = "<group>";
		};
		A43A7E8E1F48C1E1001187D8 /* PresidentEngine */ = {
			isa = PBXGroup;
			children = (
				A43A7E901F48C1E1001187D8 /* Info.plist */,
				3910189C23ED8932001623D0 /* Game */,
				A4558C431F957B30004331EB /* FrenchPlayingCards */,
			);
			path = PresidentEngine;
			sourceTree = "<group>";
		};
		A43A7E991F48C1E1001187D8 /* PresidentEngineTests */ = {
			isa = PBXGroup;
			children = (
				9F9A1AB52036526D000A539F /* Support */,
				A4D35A741F4D35750099148B /* Extensions */,
				A43A7E9C1F48C1E1001187D8 /* Info.plist */,
				A43A7EA61F48C212001187D8 /* TrickIteratorTests.swift */,
				A4D35A721F4D1B420099148B /* PlayersSorterTests.swift */,
				A44825C71F93859D0049DC40 /* RoundIteratorTests.swift */,
				A4558C4A1F959500004331EB /* OneTrickIteratorTests.swift */,
				9F9A1AB320364D83000A539F /* PlayersKeeperTests.swift */,
			);
			path = PresidentEngineTests;
			sourceTree = "<group>";
		};
		A4558C431F957B30004331EB /* FrenchPlayingCards */ = {
			isa = PBXGroup;
			children = (
				A4558C441F957B47004331EB /* Card.swift */,
				A4558C461F957BA6004331EB /* CardsPacket.swift */,
				A4558C481F957BD4004331EB /* Deck.swift */,
			);
			path = FrenchPlayingCards;
			sourceTree = "<group>";
		};
		A4D35A741F4D35750099148B /* Extensions */ = {
			isa = PBXGroup;
			children = (
				A4D35A751F4D35870099148B /* XCTestCaseExtension.swift */,
			);
			name = Extensions;
			sourceTree = "<group>";
		};
/* End PBXGroup section */

/* Begin PBXHeadersBuildPhase section */
		A43A7E891F48C1E1001187D8 /* Headers */ = {
			isa = PBXHeadersBuildPhase;
			buildActionMask = 2147483647;
			files = (
			);
			runOnlyForDeploymentPostprocessing = 0;
		};
/* End PBXHeadersBuildPhase section */

/* Begin PBXNativeTarget section */
		A43A7E8B1F48C1E1001187D8 /* PresidentEngine */ = {
			isa = PBXNativeTarget;
			buildConfigurationList = A43A7EA01F48C1E1001187D8 /* Build configuration list for PBXNativeTarget "PresidentEngine" */;
			buildPhases = (
				A43A7E871F48C1E1001187D8 /* Sources */,
				A43A7E881F48C1E1001187D8 /* Frameworks */,
				A43A7E891F48C1E1001187D8 /* Headers */,
				A43A7E8A1F48C1E1001187D8 /* Resources */,
			);
			buildRules = (
			);
			dependencies = (
			);
			name = PresidentEngine;
			productName = PresidentEngine;
			productReference = A43A7E8C1F48C1E1001187D8 /* PresidentEngine.framework */;
			productType = "com.apple.product-type.framework";
		};
		A43A7E941F48C1E1001187D8 /* PresidentEngineTests */ = {
			isa = PBXNativeTarget;
			buildConfigurationList = A43A7EA31F48C1E1001187D8 /* Build configuration list for PBXNativeTarget "PresidentEngineTests" */;
			buildPhases = (
				A43A7E911F48C1E1001187D8 /* Sources */,
				A43A7E921F48C1E1001187D8 /* Frameworks */,
				A43A7E931F48C1E1001187D8 /* Resources */,
			);
			buildRules = (
			);
			dependencies = (
				A43A7E981F48C1E1001187D8 /* PBXTargetDependency */,
			);
			name = PresidentEngineTests;
			productName = PresidentEngineTests;
			productReference = A43A7E951F48C1E1001187D8 /* PresidentEngineTests.xctest */;
			productType = "com.apple.product-type.bundle.unit-test";
		};
/* End PBXNativeTarget section */

/* Begin PBXProject section */
		A43A7E831F48C1E1001187D8 /* Project object */ = {
			isa = PBXProject;
			attributes = {
				LastSwiftUpdateCheck = 0830;
				LastUpgradeCheck = 1130;
				ORGANIZATIONNAME = danielcarlosce;
				TargetAttributes = {
					A43A7E8B1F48C1E1001187D8 = {
						CreatedOnToolsVersion = 8.3.3;
						LastSwiftMigration = 1130;
						ProvisioningStyle = Automatic;
					};
					A43A7E941F48C1E1001187D8 = {
						CreatedOnToolsVersion = 8.3.3;
						LastSwiftMigration = 1130;
						ProvisioningStyle = Automatic;
					};
				};
			};
			buildConfigurationList = A43A7E861F48C1E1001187D8 /* Build configuration list for PBXProject "PresidentEngine" */;
			compatibilityVersion = "Xcode 3.2";
			developmentRegion = en;
			hasScannedForEncodings = 0;
			knownRegions = (
				en,
				Base,
			);
			mainGroup = A43A7E821F48C1E1001187D8;
			productRefGroup = A43A7E8D1F48C1E1001187D8 /* Products */;
			projectDirPath = "";
			projectRoot = "";
			targets = (
				A43A7E8B1F48C1E1001187D8 /* PresidentEngine */,
				A43A7E941F48C1E1001187D8 /* PresidentEngineTests */,
			);
		};
/* End PBXProject section */

/* Begin PBXResourcesBuildPhase section */
		A43A7E8A1F48C1E1001187D8 /* Resources */ = {
			isa = PBXResourcesBuildPhase;
			buildActionMask = 2147483647;
			files = (
			);
			runOnlyForDeploymentPostprocessing = 0;
		};
		A43A7E931F48C1E1001187D8 /* Resources */ = {
			isa = PBXResourcesBuildPhase;
			buildActionMask = 2147483647;
			files = (
			);
			runOnlyForDeploymentPostprocessing = 0;
		};
/* End PBXResourcesBuildPhase section */

/* Begin PBXSourcesBuildPhase section */
		A43A7E871F48C1E1001187D8 /* Sources */ = {
			isa = PBXSourcesBuildPhase;
			buildActionMask = 2147483647;
			files = (
				391018B323ED8C4E001623D0 /* RoundIterator.swift in Sources */,
				A4558C491F957BD4004331EB /* Deck.swift in Sources */,
				391018AC23ED8B89001623D0 /* PlayOrderer.swift in Sources */,
				391018B123ED8C12001623D0 /* Dealer.swift in Sources */,
				391018A223ED899E001623D0 /* Role.swift in Sources */,
				A4558C451F957B47004331EB /* Card.swift in Sources */,
				391018AF23ED8BD9001623D0 /* PlayersSorter.swift in Sources */,
				391018A423ED89CA001623D0 /* PlayerPlaysOrderer.swift in Sources */,
				391018B723ED8D35001623D0 /* OnePlayPerPlayerTrickIterator.swift in Sources */,
				391018A723ED8AFE001623D0 /* Card+Value.swift in Sources */,
				A4558C471F957BA6004331EB /* CardsPacket.swift in Sources */,
				391018A023ED8967001623D0 /* Player.swift in Sources */,
				3910189E23ED8944001623D0 /* Play.swift in Sources */,
				391018B523ED8CC8001623D0 /* PlayersKeeper.swift in Sources */,
				391018AA23ED8B2E001623D0 /* TrickIterator.swift in Sources */,
			);
			runOnlyForDeploymentPostprocessing = 0;
		};
		A43A7E911F48C1E1001187D8 /* Sources */ = {
			isa = PBXSourcesBuildPhase;
			buildActionMask = 2147483647;
			files = (
				9F9A1AB420364D83000A539F /* PlayersKeeperTests.swift in Sources */,
				A44825C81F93859D0049DC40 /* RoundIteratorTests.swift in Sources */,
				A43A7EA71F48C212001187D8 /* TrickIteratorTests.swift in Sources */,
				9F9A1AB7203652B5000A539F /* Card+StringLiteral.swift in Sources */,
				9F9A1ABB20365360000A539F /* PlayersFactory.swift in Sources */,
				A4D35A761F4D35870099148B /* XCTestCaseExtension.swift in Sources */,
				A4D35A731F4D1B420099148B /* PlayersSorterTests.swift in Sources */,
				A4558C4B1F959500004331EB /* OneTrickIteratorTests.swift in Sources */,
				9F9A1AB9203652FF000A539F /* PlayerRole+StringLiteral.swift in Sources */,
			);
			runOnlyForDeploymentPostprocessing = 0;
		};
/* End PBXSourcesBuildPhase section */

/* Begin PBXTargetDependency section */
		A43A7E981F48C1E1001187D8 /* PBXTargetDependency */ = {
			isa = PBXTargetDependency;
			target = A43A7E8B1F48C1E1001187D8 /* PresidentEngine */;
			targetProxy = A43A7E971F48C1E1001187D8 /* PBXContainerItemProxy */;
		};
/* End PBXTargetDependency section */

/* Begin XCBuildConfiguration section */
		A43A7E9E1F48C1E1001187D8 /* Debug */ = {
			isa = XCBuildConfiguration;
			buildSettings = {
				ALWAYS_SEARCH_USER_PATHS = NO;
				CLANG_ANALYZER_LOCALIZABILITY_NONLOCALIZED = YES;
				CLANG_ANALYZER_NONNULL = YES;
				CLANG_ANALYZER_NUMBER_OBJECT_CONVERSION = YES_AGGRESSIVE;
				CLANG_CXX_LANGUAGE_STANDARD = "gnu++0x";
				CLANG_CXX_LIBRARY = "libc++";
				CLANG_ENABLE_MODULES = YES;
				CLANG_ENABLE_OBJC_ARC = YES;
				CLANG_WARN_BLOCK_CAPTURE_AUTORELEASING = YES;
				CLANG_WARN_BOOL_CONVERSION = YES;
				CLANG_WARN_COMMA = YES;
				CLANG_WARN_CONSTANT_CONVERSION = YES;
				CLANG_WARN_DEPRECATED_OBJC_IMPLEMENTATIONS = YES;
				CLANG_WARN_DIRECT_OBJC_ISA_USAGE = YES_ERROR;
				CLANG_WARN_DOCUMENTATION_COMMENTS = YES;
				CLANG_WARN_EMPTY_BODY = YES;
				CLANG_WARN_ENUM_CONVERSION = YES;
				CLANG_WARN_INFINITE_RECURSION = YES;
				CLANG_WARN_INT_CONVERSION = YES;
				CLANG_WARN_NON_LITERAL_NULL_CONVERSION = YES;
				CLANG_WARN_OBJC_IMPLICIT_RETAIN_SELF = YES;
				CLANG_WARN_OBJC_LITERAL_CONVERSION = YES;
				CLANG_WARN_OBJC_ROOT_CLASS = YES_ERROR;
				CLANG_WARN_RANGE_LOOP_ANALYSIS = YES;
				CLANG_WARN_STRICT_PROTOTYPES = YES;
				CLANG_WARN_SUSPICIOUS_MOVE = YES;
				CLANG_WARN_UNREACHABLE_CODE = YES;
				CLANG_WARN__DUPLICATE_METHOD_MATCH = YES;
				CODE_SIGN_IDENTITY = "-";
				COPY_PHASE_STRIP = NO;
				CURRENT_PROJECT_VERSION = 1;
				DEBUG_INFORMATION_FORMAT = dwarf;
				ENABLE_STRICT_OBJC_MSGSEND = YES;
				ENABLE_TESTABILITY = YES;
				GCC_C_LANGUAGE_STANDARD = gnu99;
				GCC_DYNAMIC_NO_PIC = NO;
				GCC_NO_COMMON_BLOCKS = YES;
				GCC_OPTIMIZATION_LEVEL = 0;
				GCC_PREPROCESSOR_DEFINITIONS = (
					"DEBUG=1",
					"$(inherited)",
				);
				GCC_WARN_64_TO_32_BIT_CONVERSION = YES;
				GCC_WARN_ABOUT_RETURN_TYPE = YES_ERROR;
				GCC_WARN_UNDECLARED_SELECTOR = YES;
				GCC_WARN_UNINITIALIZED_AUTOS = YES_AGGRESSIVE;
				GCC_WARN_UNUSED_FUNCTION = YES;
				GCC_WARN_UNUSED_VARIABLE = YES;
				MACOSX_DEPLOYMENT_TARGET = 10.12;
				MTL_ENABLE_DEBUG_INFO = YES;
				ONLY_ACTIVE_ARCH = YES;
				SDKROOT = macosx;
				SWIFT_ACTIVE_COMPILATION_CONDITIONS = DEBUG;
				SWIFT_OPTIMIZATION_LEVEL = "-Onone";
				VERSIONING_SYSTEM = "apple-generic";
				VERSION_INFO_PREFIX = "";
			};
			name = Debug;
		};
		A43A7E9F1F48C1E1001187D8 /* Release */ = {
			isa = XCBuildConfiguration;
			buildSettings = {
				ALWAYS_SEARCH_USER_PATHS = NO;
				CLANG_ANALYZER_LOCALIZABILITY_NONLOCALIZED = YES;
				CLANG_ANALYZER_NONNULL = YES;
				CLANG_ANALYZER_NUMBER_OBJECT_CONVERSION = YES_AGGRESSIVE;
				CLANG_CXX_LANGUAGE_STANDARD = "gnu++0x";
				CLANG_CXX_LIBRARY = "libc++";
				CLANG_ENABLE_MODULES = YES;
				CLANG_ENABLE_OBJC_ARC = YES;
				CLANG_WARN_BLOCK_CAPTURE_AUTORELEASING = YES;
				CLANG_WARN_BOOL_CONVERSION = YES;
				CLANG_WARN_COMMA = YES;
				CLANG_WARN_CONSTANT_CONVERSION = YES;
				CLANG_WARN_DEPRECATED_OBJC_IMPLEMENTATIONS = YES;
				CLANG_WARN_DIRECT_OBJC_ISA_USAGE = YES_ERROR;
				CLANG_WARN_DOCUMENTATION_COMMENTS = YES;
				CLANG_WARN_EMPTY_BODY = YES;
				CLANG_WARN_ENUM_CONVERSION = YES;
				CLANG_WARN_INFINITE_RECURSION = YES;
				CLANG_WARN_INT_CONVERSION = YES;
				CLANG_WARN_NON_LITERAL_NULL_CONVERSION = YES;
				CLANG_WARN_OBJC_IMPLICIT_RETAIN_SELF = YES;
				CLANG_WARN_OBJC_LITERAL_CONVERSION = YES;
				CLANG_WARN_OBJC_ROOT_CLASS = YES_ERROR;
				CLANG_WARN_RANGE_LOOP_ANALYSIS = YES;
				CLANG_WARN_STRICT_PROTOTYPES = YES;
				CLANG_WARN_SUSPICIOUS_MOVE = YES;
				CLANG_WARN_UNREACHABLE_CODE = YES;
				CLANG_WARN__DUPLICATE_METHOD_MATCH = YES;
				CODE_SIGN_IDENTITY = "-";
				COPY_PHASE_STRIP = NO;
				CURRENT_PROJECT_VERSION = 1;
				DEBUG_INFORMATION_FORMAT = "dwarf-with-dsym";
				ENABLE_NS_ASSERTIONS = NO;
				ENABLE_STRICT_OBJC_MSGSEND = YES;
				GCC_C_LANGUAGE_STANDARD = gnu99;
				GCC_NO_COMMON_BLOCKS = YES;
				GCC_WARN_64_TO_32_BIT_CONVERSION = YES;
				GCC_WARN_ABOUT_RETURN_TYPE = YES_ERROR;
				GCC_WARN_UNDECLARED_SELECTOR = YES;
				GCC_WARN_UNINITIALIZED_AUTOS = YES_AGGRESSIVE;
				GCC_WARN_UNUSED_FUNCTION = YES;
				GCC_WARN_UNUSED_VARIABLE = YES;
				MACOSX_DEPLOYMENT_TARGET = 10.12;
				MTL_ENABLE_DEBUG_INFO = NO;
				SDKROOT = macosx;
				SWIFT_OPTIMIZATION_LEVEL = "-Owholemodule";
				VERSIONING_SYSTEM = "apple-generic";
				VERSION_INFO_PREFIX = "";
			};
			name = Release;
		};
		A43A7EA11F48C1E1001187D8 /* Debug */ = {
			isa = XCBuildConfiguration;
			buildSettings = {
				CLANG_ENABLE_MODULES = YES;
				CODE_SIGN_IDENTITY = "";
				COMBINE_HIDPI_IMAGES = YES;
				DEFINES_MODULE = YES;
				DYLIB_COMPATIBILITY_VERSION = 1;
				DYLIB_CURRENT_VERSION = 1;
				DYLIB_INSTALL_NAME_BASE = "@rpath";
				FRAMEWORK_VERSION = A;
				INFOPLIST_FILE = PresidentEngine/Info.plist;
				INSTALL_PATH = "$(LOCAL_LIBRARY_DIR)/Frameworks";
				LD_RUNPATH_SEARCH_PATHS = "$(inherited) @executable_path/../Frameworks @loader_path/Frameworks";
				PRODUCT_BUNDLE_IDENTIFIER = com.danielcarlosce.PresidentEngine;
				PRODUCT_NAME = "$(TARGET_NAME)";
				SKIP_INSTALL = YES;
				SWIFT_OPTIMIZATION_LEVEL = "-Onone";
				SWIFT_SWIFT3_OBJC_INFERENCE = Default;
				SWIFT_VERSION = 5.0;
			};
			name = Debug;
		};
		A43A7EA21F48C1E1001187D8 /* Release */ = {
			isa = XCBuildConfiguration;
			buildSettings = {
				CLANG_ENABLE_MODULES = YES;
				CODE_SIGN_IDENTITY = "";
				COMBINE_HIDPI_IMAGES = YES;
				DEFINES_MODULE = YES;
				DYLIB_COMPATIBILITY_VERSION = 1;
				DYLIB_CURRENT_VERSION = 1;
				DYLIB_INSTALL_NAME_BASE = "@rpath";
				FRAMEWORK_VERSION = A;
				INFOPLIST_FILE = PresidentEngine/Info.plist;
				INSTALL_PATH = "$(LOCAL_LIBRARY_DIR)/Frameworks";
				LD_RUNPATH_SEARCH_PATHS = "$(inherited) @executable_path/../Frameworks @loader_path/Frameworks";
				PRODUCT_BUNDLE_IDENTIFIER = com.danielcarlosce.PresidentEngine;
				PRODUCT_NAME = "$(TARGET_NAME)";
				SKIP_INSTALL = YES;
				SWIFT_SWIFT3_OBJC_INFERENCE = Default;
				SWIFT_VERSION = 5.0;
			};
			name = Release;
		};
		A43A7EA41F48C1E1001187D8 /* Debug */ = {
			isa = XCBuildConfiguration;
			buildSettings = {
				ALWAYS_EMBED_SWIFT_STANDARD_LIBRARIES = YES;
				CLANG_ENABLE_MODULES = YES;
				COMBINE_HIDPI_IMAGES = YES;
				INFOPLIST_FILE = PresidentEngineTests/Info.plist;
				LD_RUNPATH_SEARCH_PATHS = "$(inherited) @executable_path/../Frameworks @loader_path/../Frameworks";
				PRODUCT_BUNDLE_IDENTIFIER = com.danielcarlosce.PresidentEngineTests;
				PRODUCT_NAME = "$(TARGET_NAME)";
				SWIFT_OPTIMIZATION_LEVEL = "-Onone";
				SWIFT_SWIFT3_OBJC_INFERENCE = Default;
				SWIFT_VERSION = 5.0;
			};
			name = Debug;
		};
		A43A7EA51F48C1E1001187D8 /* Release */ = {
			isa = XCBuildConfiguration;
			buildSettings = {
				ALWAYS_EMBED_SWIFT_STANDARD_LIBRARIES = YES;
				CLANG_ENABLE_MODULES = YES;
				COMBINE_HIDPI_IMAGES = YES;
				INFOPLIST_FILE = PresidentEngineTests/Info.plist;
				LD_RUNPATH_SEARCH_PATHS = "$(inherited) @executable_path/../Frameworks @loader_path/../Frameworks";
				PRODUCT_BUNDLE_IDENTIFIER = com.danielcarlosce.PresidentEngineTests;
				PRODUCT_NAME = "$(TARGET_NAME)";
				SWIFT_SWIFT3_OBJC_INFERENCE = Default;
				SWIFT_VERSION = 5.0;
			};
			name = Release;
		};
/* End XCBuildConfiguration section */

/* Begin XCConfigurationList section */
		A43A7E861F48C1E1001187D8 /* Build configuration list for PBXProject "PresidentEngine" */ = {
			isa = XCConfigurationList;
			buildConfigurations = (
				A43A7E9E1F48C1E1001187D8 /* Debug */,
				A43A7E9F1F48C1E1001187D8 /* Release */,
			);
			defaultConfigurationIsVisible = 0;
			defaultConfigurationName = Release;
		};
		A43A7EA01F48C1E1001187D8 /* Build configuration list for PBXNativeTarget "PresidentEngine" */ = {
			isa = XCConfigurationList;
			buildConfigurations = (
				A43A7EA11F48C1E1001187D8 /* Debug */,
				A43A7EA21F48C1E1001187D8 /* Release */,
			);
			defaultConfigurationIsVisible = 0;
			defaultConfigurationName = Release;
		};
		A43A7EA31F48C1E1001187D8 /* Build configuration list for PBXNativeTarget "PresidentEngineTests" */ = {
			isa = XCConfigurationList;
			buildConfigurations = (
				A43A7EA41F48C1E1001187D8 /* Debug */,
				A43A7EA51F48C1E1001187D8 /* Release */,
			);
			defaultConfigurationIsVisible = 0;
			defaultConfigurationName = Release;
		};
/* End XCConfigurationList section */
	};
	rootObject = A43A7E831F48C1E1001187D8 /* Project object */;
}
